
Microsoft Visual Studio Solution File, Format Version 12.00
# Visual Studio Version 16
VisualStudioVersion = 16.0.30711.63
MinimumVisualStudioVersion = 10.0.40219.1
Project("{FAE04EC0-301F-11D3-BF4B-00C04F79EFBC}") = "JtechSystem", "JtechSystem\JtechSystem.csproj", "{2BF5D685-39CB-48F9-BF47-AFCC682E8686}"
EndProject
Global
	GlobalSection(SolutionConfigurationPlatforms) = preSolution
		Debug|Any CPU = Debug|Any CPU
		Release|Any CPU = Release|Any CPU
	EndGlobalSection
	GlobalSection(ProjectConfigurationPlatforms) = postSolution
		{2BF5D685-39CB-48F9-BF47-AFCC682E8686}.Debug|Any CPU.ActiveCfg = Debug|Any CPU
		{2BF5D685-39CB-48F9-BF47-AFCC682E8686}.Debug|Any CPU.Build.0 = Debug|Any CPU
		{2BF5D685-39CB-48F9-BF47-AFCC682E8686}.Release|Any CPU.ActiveCfg = Release|Any CPU
		{2BF5D685-39CB-48F9-BF47-AFCC682E8686}.Release|Any CPU.Build.0 = Release|Any CPU
	EndGlobalSection
	GlobalSection(SolutionProperties) = preSolution
		HideSolutionNode = FALSE
	EndGlobalSection
	GlobalSection(ExtensibilityGlobals) = postSolution
		SolutionGuid = {112629B0-85E0-4934-BC0B-896D9E7FEE65}
	EndGlobalSection
EndGlobal
